// !$*UTF8*$!
{
	archiveVersion = 1;
	classes = {
	};
	objectVersion = 50;
	objects = {

/* Begin PBXBuildFile section */
		AFB3120026676108002C389B /* AppDelegate.swift in Sources */ = {isa = PBXBuildFile; fileRef = AFB311FF26676108002C389B /* AppDelegate.swift */; };
		AFB3120226676108002C389B /* SceneDelegate.swift in Sources */ = {isa = PBXBuildFile; fileRef = AFB3120126676108002C389B /* SceneDelegate.swift */; };
		AFB3120426676108002C389B /* ContentView.swift in Sources */ = {isa = PBXBuildFile; fileRef = AFB3120326676108002C389B /* ContentView.swift */; };
		AFB312092667610D002C389B /* Assets.xcassets in Resources */ = {isa = PBXBuildFile; fileRef = AFB312082667610D002C389B /* Assets.xcassets */; };
		AFB3120C2667610D002C389B /* Preview Assets.xcassets in Resources */ = {isa = PBXBuildFile; fileRef = AFB3120B2667610D002C389B /* Preview Assets.xcassets */; };
		AFB3120F2667610D002C389B /* LaunchScreen.storyboard in Resources */ = {isa = PBXBuildFile; fileRef = AFB3120D2667610D002C389B /* LaunchScreen.storyboard */; };
		AFB3121C26677CB5002C389B /* AddBookView.swift in Sources */ = {isa = PBXBuildFile; fileRef = AFB3121B26677CB5002C389B /* AddBookView.swift */; };
		AFE69BA82668C82600DBC0E3 /* RatingView.swift in Sources */ = {isa = PBXBuildFile; fileRef = AFE69BA72668C82600DBC0E3 /* RatingView.swift */; };
		AFE69BAB2668CCF800DBC0E3 /* project_11.xcdatamodeld in Sources */ = {isa = PBXBuildFile; fileRef = AFE69BA92668CCF800DBC0E3 /* project_11.xcdatamodeld */; };
		AFE69BAD2668D9E200DBC0E3 /* EmojiRatingView.swift in Sources */ = {isa = PBXBuildFile; fileRef = AFE69BAC2668D9E200DBC0E3 /* EmojiRatingView.swift */; };
/* End PBXBuildFile section */

/* Begin PBXFileReference section */
		AFB311FC26676108002C389B /* project 11.app */ = {isa = PBXFileReference; explicitFileType = wrapper.application; includeInIndex = 0; path = "project 11.app"; sourceTree = BUILT_PRODUCTS_DIR; };
		AFB311FF26676108002C389B /* AppDelegate.swift */ = {isa = PBXFileReference; lastKnownFileType = sourcecode.swift; path = AppDelegate.swift; sourceTree = "<group>"; };
		AFB3120126676108002C389B /* SceneDelegate.swift */ = {isa = PBXFileReference; lastKnownFileType = sourcecode.swift; path = SceneDelegate.swift; sourceTree = "<group>"; };
		AFB3120326676108002C389B /* ContentView.swift */ = {isa = PBXFileReference; lastKnownFileType = sourcecode.swift; path = ContentView.swift; sourceTree = "<group>"; };
		AFB312082667610D002C389B /* Assets.xcassets */ = {isa = PBXFileReference; lastKnownFileType = folder.assetcatalog; path = Assets.xcassets; sourceTree = "<group>"; };
		AFB3120B2667610D002C389B /* Preview Assets.xcassets */ = {isa = PBXFileReference; lastKnownFileType = folder.assetcatalog; path = "Preview Assets.xcassets"; sourceTree = "<group>"; };
		AFB3120E2667610D002C389B /* Base */ = {isa = PBXFileReference; lastKnownFileType = file.storyboard; name = Base; path = Base.lproj/LaunchScreen.storyboard; sourceTree = "<group>"; };
		AFB312102667610D002C389B /* Info.plist */ = {isa = PBXFileReference; lastKnownFileType = text.plist.xml; path = Info.plist; sourceTree = "<group>"; };
		AFB3121B26677CB5002C389B /* AddBookView.swift */ = {isa = PBXFileReference; lastKnownFileType = sourcecode.swift; path = AddBookView.swift; sourceTree = "<group>"; };
		AFE69BA72668C82600DBC0E3 /* RatingView.swift */ = {isa = PBXFileReference; lastKnownFileType = sourcecode.swift; path = RatingView.swift; sourceTree = "<group>"; };
		AFE69BAA2668CCF800DBC0E3 /* project_11.xcdatamodel */ = {isa = PBXFileReference; lastKnownFileType = wrapper.xcdatamodel; path = project_11.xcdatamodel; sourceTree = "<group>"; };
		AFE69BAC2668D9E200DBC0E3 /* EmojiRatingView.swift */ = {isa = PBXFileReference; lastKnownFileType = sourcecode.swift; path = EmojiRatingView.swift; sourceTree = "<group>"; };
/* End PBXFileReference section */

/* Begin PBXFrameworksBuildPhase section */
		AFB311F926676108002C389B /* Frameworks */ = {
			isa = PBXFrameworksBuildPhase;
			buildActionMask = 2147483647;
			files = (
			);
			runOnlyForDeploymentPostprocessing = 0;
		};
/* End PBXFrameworksBuildPhase section */

/* Begin PBXGroup section */
		AFB311F326676108002C389B = {
			isa = PBXGroup;
			children = (
				AFB311FE26676108002C389B /* project 11 */,
				AFB311FD26676108002C389B /* Products */,
			);
			sourceTree = "<group>";
		};
		AFB311FD26676108002C389B /* Products */ = {
			isa = PBXGroup;
			children = (
				AFB311FC26676108002C389B /* project 11.app */,
			);
			name = Products;
			sourceTree = "<group>";
		};
		AFB311FE26676108002C389B /* project 11 */ = {
			isa = PBXGroup;
			children = (
				AFB311FF26676108002C389B /* AppDelegate.swift */,
				AFB3120126676108002C389B /* SceneDelegate.swift */,
				AFB3120326676108002C389B /* ContentView.swift */,
				AFE69BA72668C82600DBC0E3 /* RatingView.swift */,
				AFE69BAC2668D9E200DBC0E3 /* EmojiRatingView.swift */,
				AFE69BA92668CCF800DBC0E3 /* project_11.xcdatamodeld */,
				AFB3121B26677CB5002C389B /* AddBookView.swift */,
				AFB312082667610D002C389B /* Assets.xcassets */,
				AFB3120D2667610D002C389B /* LaunchScreen.storyboard */,
				AFB312102667610D002C389B /* Info.plist */,
				AFB3120A2667610D002C389B /* Preview Content */,
			);
			path = "project 11";
			sourceTree = "<group>";
		};
		AFB3120A2667610D002C389B /* Preview Content */ = {
			isa = PBXGroup;
			children = (
				AFB3120B2667610D002C389B /* Preview Assets.xcassets */,
			);
			path = "Preview Content";
			sourceTree = "<group>";
		};
/* End PBXGroup section */

/* Begin PBXNativeTarget section */
		AFB311FB26676108002C389B /* project 11 */ = {
			isa = PBXNativeTarget;
			buildConfigurationList = AFB312132667610D002C389B /* Build configuration list for PBXNativeTarget "project 11" */;
			buildPhases = (
				AFB311F826676108002C389B /* Sources */,
				AFB311F926676108002C389B /* Frameworks */,
				AFB311FA26676108002C389B /* Resources */,
			);
			buildRules = (
			);
			dependencies = (
			);
			name = "project 11";
			productName = "project 11";
			productReference = AFB311FC26676108002C389B /* project 11.app */;
			productType = "com.apple.product-type.application";
		};
/* End PBXNativeTarget section */

/* Begin PBXProject section */
		AFB311F426676108002C389B /* Project object */ = {
			isa = PBXProject;
			attributes = {
				LastSwiftUpdateCheck = 1200;
				LastUpgradeCheck = 1200;
				TargetAttributes = {
					AFB311FB26676108002C389B = {
						CreatedOnToolsVersion = 12.0;
					};
				};
			};
			buildConfigurationList = AFB311F726676108002C389B /* Build configuration list for PBXProject "project 11" */;
			compatibilityVersion = "Xcode 9.3";
			developmentRegion = en;
			hasScannedForEncodings = 0;
			knownRegions = (
				en,
				Base,
			);
			mainGroup = AFB311F326676108002C389B;
			productRefGroup = AFB311FD26676108002C389B /* Products */;
			projectDirPath = "";
			projectRoot = "";
			targets = (
				AFB311FB26676108002C389B /* project 11 */,
			);
		};
/* End PBXProject section */

/* Begin PBXResourcesBuildPhase section */
		AFB311FA26676108002C389B /* Resources */ = {
			isa = PBXResourcesBuildPhase;
			buildActionMask = 2147483647;
			files = (
				AFB3120F2667610D002C389B /* LaunchScreen.storyboard in Resources */,
				AFB3120C2667610D002C389B /* Preview Assets.xcassets in Resources */,
				AFB312092667610D002C389B /* Assets.xcassets in Resources */,
			);
			runOnlyForDeploymentPostprocessing = 0;
		};
/* End PBXResourcesBuildPhase section */

/* Begin PBXSourcesBuildPhase section */
		AFB311F826676108002C389B /* Sources */ = {
			isa = PBXSourcesBuildPhase;
			buildActionMask = 2147483647;
			files = (
				AFB3120026676108002C389B /* AppDelegate.swift in Sources */,
				AFB3120226676108002C389B /* SceneDelegate.swift in Sources */,
				AFE69BAD2668D9E200DBC0E3 /* EmojiRatingView.swift in Sources */,
				AFE69BA82668C82600DBC0E3 /* RatingView.swift in Sources */,
				AFE69BAB2668CCF800DBC0E3 /* project_11.xcdatamodeld in Sources */,
				AFB3120426676108002C389B /* ContentView.swift in Sources */,
				AFB3121C26677CB5002C389B /* AddBookView.swift in Sources */,
			);
			runOnlyForDeploymentPostprocessing = 0;
		};
/* End PBXSourcesBuildPhase section */

/* Begin PBXVariantGroup section */
		AFB3120D2667610D002C389B /* LaunchScreen.storyboard */ = {
			isa = PBXVariantGroup;
			children = (
				AFB3120E2667610D002C389B /* Base */,
			);
			name = LaunchScreen.storyboard;
			sourceTree = "<group>";
		};
/* End PBXVariantGroup section */

/* Begin XCBuildConfiguration section */
		AFB312112667610D002C389B /* Debug */ = {
			isa = XCBuildConfiguration;
			buildSettings = {
				ALWAYS_SEARCH_USER_PATHS = NO;
				CLANG_ANALYZER_NONNULL = YES;
				CLANG_ANALYZER_NUMBER_OBJECT_CONVERSION = YES_AGGRESSIVE;
				CLANG_CXX_LANGUAGE_STANDARD = "gnu++14";
				CLANG_CXX_LIBRARY = "libc++";
				CLANG_ENABLE_MODULES = YES;
				CLANG_ENABLE_OBJC_ARC = YES;
				CLANG_ENABLE_OBJC_WEAK = YES;
				CLANG_WARN_BLOCK_CAPTURE_AUTORELEASING = YES;
				CLANG_WARN_BOOL_CONVERSION = YES;
				CLANG_WARN_COMMA = YES;
				CLANG_WARN_CONSTANT_CONVERSION = YES;
				CLANG_WARN_DEPRECATED_OBJC_IMPLEMENTATIONS = YES;
				CLANG_WARN_DIRECT_OBJC_ISA_USAGE = YES_ERROR;
				CLANG_WARN_DOCUMENTATION_COMMENTS = YES;
				CLANG_WARN_EMPTY_BODY = YES;
				CLANG_WARN_ENUM_CONVERSION = YES;
				CLANG_WARN_INFINITE_RECURSION = YES;
				CLANG_WARN_INT_CONVERSION = YES;
				CLANG_WARN_NON_LITERAL_NULL_CONVERSION = YES;
				CLANG_WARN_OBJC_IMPLICIT_RETAIN_SELF = YES;
				CLANG_WARN_OBJC_LITERAL_CONVERSION = YES;
				CLANG_WARN_OBJC_ROOT_CLASS = YES_ERROR;
				CLANG_WARN_QUOTED_INCLUDE_IN_FRAMEWORK_HEADER = YES;
				CLANG_WARN_RANGE_LOOP_ANALYSIS = YES;
				CLANG_WARN_STRICT_PROTOTYPES = YES;
				CLANG_WARN_SUSPICIOUS_MOVE = YES;
				CLANG_WARN_UNGUARDED_AVAILABILITY = YES_AGGRESSIVE;
				CLANG_WARN_UNREACHABLE_CODE = YES;
				CLANG_WARN__DUPLICATE_METHOD_MATCH = YES;
				COPY_PHASE_STRIP = NO;
				DEBUG_INFORMATION_FORMAT = dwarf;
				ENABLE_STRICT_OBJC_MSGSEND = YES;
				ENABLE_TESTABILITY = YES;
				GCC_C_LANGUAGE_STANDARD = gnu11;
				GCC_DYNAMIC_NO_PIC = NO;
				GCC_NO_COMMON_BLOCKS = YES;
				GCC_OPTIMIZATION_LEVEL = 0;
				GCC_PREPROCESSOR_DEFINITIONS = (
					"DEBUG=1",
					"$(inherited)",
				);
				GCC_WARN_64_TO_32_BIT_CONVERSION = YES;
				GCC_WARN_ABOUT_RETURN_TYPE = YES_ERROR;
				GCC_WARN_UNDECLARED_SELECTOR = YES;
				GCC_WARN_UNINITIALIZED_AUTOS = YES_AGGRESSIVE;
				GCC_WARN_UNUSED_FUNCTION = YES;
				GCC_WARN_UNUSED_VARIABLE = YES;
				IPHONEOS_DEPLOYMENT_TARGET = 14.0;
				MTL_ENABLE_DEBUG_INFO = INCLUDE_SOURCE;
				MTL_FAST_MATH = YES;
				ONLY_ACTIVE_ARCH = YES;
				SDKROOT = iphoneos;
				SWIFT_ACTIVE_COMPILATION_CONDITIONS = DEBUG;
				SWIFT_OPTIMIZATION_LEVEL = "-Onone";
			};
			name = Debug;
		};
		AFB312122667610D002C389B /* Release */ = {
			isa = XCBuildConfiguration;
			buildSettings = {
				ALWAYS_SEARCH_USER_PATHS = NO;
				CLANG_ANALYZER_NONNULL = YES;
				CLANG_ANALYZER_NUMBER_OBJECT_CONVERSION = YES_AGGRESSIVE;
				CLANG_CXX_LANGUAGE_STANDARD = "gnu++14";
				CLANG_CXX_LIBRARY = "libc++";
				CLANG_ENABLE_MODULES = YES;
				CLANG_ENABLE_OBJC_ARC = YES;
				CLANG_ENABLE_OBJC_WEAK = YES;
				CLANG_WARN_BLOCK_CAPTURE_AUTORELEASING = YES;
				CLANG_WARN_BOOL_CONVERSION = YES;
				CLANG_WARN_COMMA = YES;
				CLANG_WARN_CONSTANT_CONVERSION = YES;
				CLANG_WARN_DEPRECATED_OBJC_IMPLEMENTATIONS = YES;
				CLANG_WARN_DIRECT_OBJC_ISA_USAGE = YES_ERROR;
				CLANG_WARN_DOCUMENTATION_COMMENTS = YES;
				CLANG_WARN_EMPTY_BODY = YES;
				CLANG_WARN_ENUM_CONVERSION = YES;
				CLANG_WARN_INFINITE_RECURSION = YES;
				CLANG_WARN_INT_CONVERSION = YES;
				CLANG_WARN_NON_LITERAL_NULL_CONVERSION = YES;
				CLANG_WARN_OBJC_IMPLICIT_RETAIN_SELF = YES;
				CLANG_WARN_OBJC_LITERAL_CONVERSION = YES;
				CLANG_WARN_OBJC_ROOT_CLASS = YES_ERROR;
				CLANG_WARN_QUOTED_INCLUDE_IN_FRAMEWORK_HEADER = YES;
				CLANG_WARN_RANGE_LOOP_ANALYSIS = YES;
				CLANG_WARN_STRICT_PROTOTYPES = YES;
				CLANG_WARN_SUSPICIOUS_MOVE = YES;
				CLANG_WARN_UNGUARDED_AVAILABILITY = YES_AGGRESSIVE;
				CLANG_WARN_UNREACHABLE_CODE = YES;
				CLANG_WARN__DUPLICATE_METHOD_MATCH = YES;
				COPY_PHASE_STRIP = NO;
				DEBUG_INFORMATION_FORMAT = "dwarf-with-dsym";
				ENABLE_NS_ASSERTIONS = NO;
				ENABLE_STRICT_OBJC_MSGSEND = YES;
				GCC_C_LANGUAGE_STANDARD = gnu11;
				GCC_NO_COMMON_BLOCKS = YES;
				GCC_WARN_64_TO_32_BIT_CONVERSION = YES;
				GCC_WARN_ABOUT_RETURN_TYPE = YES_ERROR;
				GCC_WARN_UNDECLARED_SELECTOR = YES;
				GCC_WARN_UNINITIALIZED_AUTOS = YES_AGGRESSIVE;
				GCC_WARN_UNUSED_FUNCTION = YES;
				GCC_WARN_UNUSED_VARIABLE = YES;
				IPHONEOS_DEPLOYMENT_TARGET = 14.0;
				MTL_ENABLE_DEBUG_INFO = NO;
				MTL_FAST_MATH = YES;
				SDKROOT = iphoneos;
				SWIFT_COMPILATION_MODE = wholemodule;
				SWIFT_OPTIMIZATION_LEVEL = "-O";
				VALIDATE_PRODUCT = YES;
			};
			name = Release;
		};
		AFB312142667610D002C389B /* Debug */ = {
			isa = XCBuildConfiguration;
			buildSettings = {
				ASSETCATALOG_COMPILER_APPICON_NAME = AppIcon;
				ASSETCATALOG_COMPILER_GLOBAL_ACCENT_COLOR_NAME = AccentColor;
				CODE_SIGN_STYLE = Automatic;
				DEVELOPMENT_ASSET_PATHS = "\"project 11/Preview Content\"";
				DEVELOPMENT_TEAM = WBND8H9MX8;
				ENABLE_PREVIEWS = YES;
				INFOPLIST_FILE = "project 11/Info.plist";
				LD_RUNPATH_SEARCH_PATHS = (
					"$(inherited)",
					"@executable_path/Frameworks",
				);
				PRODUCT_BUNDLE_IDENTIFIER = "com.ansa.project-11";
				PRODUCT_NAME = "$(TARGET_NAME)";
				SWIFT_VERSION = 5.0;
				TARGETED_DEVICE_FAMILY = "1,2";
			};
			name = Debug;
		};
		AFB312152667610D002C389B /* Release */ = {
			isa = XCBuildConfiguration;
			buildSettings = {
				ASSETCATALOG_COMPILER_APPICON_NAME = AppIcon;
				ASSETCATALOG_COMPILER_GLOBAL_ACCENT_COLOR_NAME = AccentColor;
				CODE_SIGN_STYLE = Automatic;
				DEVELOPMENT_ASSET_PATHS = "\"project 11/Preview Content\"";
				DEVELOPMENT_TEAM = WBND8H9MX8;
				ENABLE_PREVIEWS = YES;
				INFOPLIST_FILE = "project 11/Info.plist";
				LD_RUNPATH_SEARCH_PATHS = (
					"$(inherited)",
					"@executable_path/Frameworks",
				);
				PRODUCT_BUNDLE_IDENTIFIER = "com.ansa.project-11";
				PRODUCT_NAME = "$(TARGET_NAME)";
				SWIFT_VERSION = 5.0;
				TARGETED_DEVICE_FAMILY = "1,2";
			};
			name = Release;
		};
/* End XCBuildConfiguration section */

/* Begin XCConfigurationList section */
		AFB311F726676108002C389B /* Build configuration list for PBXProject "project 11" */ = {
			isa = XCConfigurationList;
			buildConfigurations = (
				AFB312112667610D002C389B /* Debug */,
				AFB312122667610D002C389B /* Release */,
			);
			defaultConfigurationIsVisible = 0;
			defaultConfigurationName = Release;
		};
		AFB312132667610D002C389B /* Build configuration list for PBXNativeTarget "project 11" */ = {
			isa = XCConfigurationList;
			buildConfigurations = (
				AFB312142667610D002C389B /* Debug */,
				AFB312152667610D002C389B /* Release */,
			);
			defaultConfigurationIsVisible = 0;
			defaultConfigurationName = Release;
		};
/* End XCConfigurationList section */

/* Begin XCVersionGroup section */
		AFE69BA92668CCF800DBC0E3 /* project_11.xcdatamodeld */ = {
			isa = XCVersionGroup;
			children = (
				AFE69BAA2668CCF800DBC0E3 /* project_11.xcdatamodel */,
			);
			currentVersion = AFE69BAA2668CCF800DBC0E3 /* project_11.xcdatamodel */;
			path = project_11.xcdatamodeld;
			sourceTree = "<group>";
			versionGroupType = wrapper.xcdatamodel;
		};
/* End XCVersionGroup section */
	};
	rootObject = AFB311F426676108002C389B /* Project object */;
}
